
Microsoft Visual Studio Solution File, Format Version 12.00
# Visual Studio 15
Project("{FAE04EC0-301F-11D3-BF4B-00C04F79EFBC}") = "Assembly-CSharp", "Assembly-CSharp.csproj", "{55FB7771-0A22-9901-FD69-E1B1CD5EE6BF}"
EndProject
Project("{FAE04EC0-301F-11D3-BF4B-00C04F79EFBC}") = "Unity.XR.Interaction.Toolkit.Samples.StarterAssets", "Unity.XR.Interaction.Toolkit.Samples.StarterAssets.csproj", "{B9D0B754-29D8-9A3A-7728-74E92933C969}"
EndProject
Project("{FAE04EC0-301F-11D3-BF4B-00C04F79EFBC}") = "Unity.XR.Interaction.Toolkit.Samples.ARStarterAssets", "Unity.XR.Interaction.Toolkit.Samples.ARStarterAssets.csproj", "{C40DA2CB-E7EE-A3BF-2317-97941A7713FE}"
EndProject
Project("{FAE04EC0-301F-11D3-BF4B-00C04F79EFBC}") = "Assembly-CSharp-Editor", "Assembly-CSharp-Editor.csproj", "{547EA670-718C-65F9-37E6-B1E7335F960B}"
EndProject
Project("{FAE04EC0-301F-11D3-BF4B-00C04F79EFBC}") = "Unity.XR.Interaction.Toolkit.Samples.ARStarterAssets.Editor", "Unity.XR.Interaction.Toolkit.Samples.ARStarterAssets.Editor.csproj", "{B272CF21-984D-6338-238A-5EC87F614EC8}"
EndProject
Project("{FAE04EC0-301F-11D3-BF4B-00C04F79EFBC}") = "Unity.XR.Interaction.Toolkit.Samples.StarterAssets.Editor", "Unity.XR.Interaction.Toolkit.Samples.StarterAssets.Editor.csproj", "{E26F7880-95BD-8CD2-70AD-0F1616996E82}"
EndProject
Global
	GlobalSection(SolutionConfigurationPlatforms) = preSolution
		Debug|Any CPU = Debug|Any CPU
		Release|Any CPU = Release|Any CPU
	EndGlobalSection
	GlobalSection(ProjectConfigurationPlatforms) = postSolution
		{55FB7771-0A22-9901-FD69-E1B1CD5EE6BF}.Debug|Any CPU.ActiveCfg = Debug|Any CPU
		{55FB7771-0A22-9901-FD69-E1B1CD5EE6BF}.Debug|Any CPU.Build.0 = Debug|Any CPU
		{55FB7771-0A22-9901-FD69-E1B1CD5EE6BF}.Release|Any CPU.ActiveCfg = Release|Any CPU
		{55FB7771-0A22-9901-FD69-E1B1CD5EE6BF}.Release|Any CPU.Build.0 = Release|Any CPU
		{B9D0B754-29D8-9A3A-7728-74E92933C969}.Debug|Any CPU.ActiveCfg = Debug|Any CPU
		{B9D0B754-29D8-9A3A-7728-74E92933C969}.Debug|Any CPU.Build.0 = Debug|Any CPU
		{B9D0B754-29D8-9A3A-7728-74E92933C969}.Release|Any CPU.ActiveCfg = Release|Any CPU
		{B9D0B754-29D8-9A3A-7728-74E92933C969}.Release|Any CPU.Build.0 = Release|Any CPU
		{C40DA2CB-E7EE-A3BF-2317-97941A7713FE}.Debug|Any CPU.ActiveCfg = Debug|Any CPU
		{C40DA2CB-E7EE-A3BF-2317-97941A7713FE}.Debug|Any CPU.Build.0 = Debug|Any CPU
		{C40DA2CB-E7EE-A3BF-2317-97941A7713FE}.Release|Any CPU.ActiveCfg = Release|Any CPU
		{C40DA2CB-E7EE-A3BF-2317-97941A7713FE}.Release|Any CPU.Build.0 = Release|Any CPU
		{547EA670-718C-65F9-37E6-B1E7335F960B}.Debug|Any CPU.ActiveCfg = Debug|Any CPU
		{547EA670-718C-65F9-37E6-B1E7335F960B}.Debug|Any CPU.Build.0 = Debug|Any CPU
		{547EA670-718C-65F9-37E6-B1E7335F960B}.Release|Any CPU.ActiveCfg = Release|Any CPU
		{547EA670-718C-65F9-37E6-B1E7335F960B}.Release|Any CPU.Build.0 = Release|Any CPU
		{B272CF21-984D-6338-238A-5EC87F614EC8}.Debug|Any CPU.ActiveCfg = Debug|Any CPU
		{B272CF21-984D-6338-238A-5EC87F614EC8}.Debug|Any CPU.Build.0 = Debug|Any CPU
		{B272CF21-984D-6338-238A-5EC87F614EC8}.Release|Any CPU.ActiveCfg = Release|Any CPU
		{B272CF21-984D-6338-238A-5EC87F614EC8}.Release|Any CPU.Build.0 = Release|Any CPU
		{E26F7880-95BD-8CD2-70AD-0F1616996E82}.Debug|Any CPU.ActiveCfg = Debug|Any CPU
		{E26F7880-95BD-8CD2-70AD-0F1616996E82}.Debug|Any CPU.Build.0 = Debug|Any CPU
		{E26F7880-95BD-8CD2-70AD-0F1616996E82}.Release|Any CPU.ActiveCfg = Release|Any CPU
		{E26F7880-95BD-8CD2-70AD-0F1616996E82}.Release|Any CPU.Build.0 = Release|Any CPU
	EndGlobalSection
	GlobalSection(SolutionProperties) = preSolution
		HideSolutionNode = FALSE
	EndGlobalSection
EndGlobal
